
Microsoft Visual Studio Solution File, Format Version 12.00
# Visual Studio Version 17
VisualStudioVersion = 17.1.32421.90
MinimumVisualStudioVersion = 10.0.40219.1
Project("{FAE04EC0-301F-11D3-BF4B-00C04F79EFBC}") = "JSInterop", "JSInterop\JSInterop.csproj", "{56EE6FC2-123A-482F-AC63-F3E09137B403}"
EndProject
Global
	GlobalSection(SolutionConfigurationPlatforms) = preSolution
		Debug|Any CPU = Debug|Any CPU
		Release|Any CPU = Release|Any CPU
	EndGlobalSection
	GlobalSection(ProjectConfigurationPlatforms) = postSolution
		{56EE6FC2-123A-482F-AC63-F3E09137B403}.Debug|Any CPU.ActiveCfg = Debug|Any CPU
		{56EE6FC2-123A-482F-AC63-F3E09137B403}.Debug|Any CPU.Build.0 = Debug|Any CPU
		{56EE6FC2-123A-482F-AC63-F3E09137B403}.Release|Any CPU.ActiveCfg = Release|Any CPU
		{56EE6FC2-123A-482F-AC63-F3E09137B403}.Release|Any CPU.Build.0 = Release|Any CPU
	EndGlobalSection
	GlobalSection(SolutionProperties) = preSolution
		HideSolutionNode = FALSE
	EndGlobalSection
	GlobalSection(ExtensibilityGlobals) = postSolution
		SolutionGuid = {8B39CB62-CB02-4FA5-AE58-F4A41DE8BC04}
	EndGlobalSection
EndGlobal
